
Microsoft Visual Studio Solution File, Format Version 12.00
# Visual Studio Version 17
VisualStudioVersion = 17.6.33815.320
MinimumVisualStudioVersion = 10.0.40219.1
Project("{FAE04EC0-301F-11D3-BF4B-00C04F79EFBC}") = "WinFormsApp1", "WinFormsApp1\WinFormsApp1.csproj", "{87C9AE63-CA47-46AF-9773-02686BA93CE0}"
EndProject
Global
	GlobalSection(SolutionConfigurationPlatforms) = preSolution
		Debug|Any CPU = Debug|Any CPU
		Release|Any CPU = Release|Any CPU
	EndGlobalSection
	GlobalSection(ProjectConfigurationPlatforms) = postSolution
		{87C9AE63-CA47-46AF-9773-02686BA93CE0}.Debug|Any CPU.ActiveCfg = Debug|Any CPU
		{87C9AE63-CA47-46AF-9773-02686BA93CE0}.Debug|Any CPU.Build.0 = Debug|Any CPU
		{87C9AE63-CA47-46AF-9773-02686BA93CE0}.Release|Any CPU.ActiveCfg = Release|Any CPU
		{87C9AE63-CA47-46AF-9773-02686BA93CE0}.Release|Any CPU.Build.0 = Release|Any CPU
	EndGlobalSection
	GlobalSection(SolutionProperties) = preSolution
		HideSolutionNode = FALSE
	EndGlobalSection
	GlobalSection(ExtensibilityGlobals) = postSolution
		SolutionGuid = {EAB8A4AA-BBAA-48E5-8D79-541E76561C60}
	EndGlobalSection
EndGlobal
